
Microsoft Visual Studio Solution File, Format Version 12.00
# Visual Studio 15
VisualStudioVersion = 15.0.27130.2026
MinimumVisualStudioVersion = 10.0.40219.1
Project("{8BC9CEB8-8B4A-11D0-8D11-00A0C91BC942}") = "Chapter6 Beginning test1", "Teach Yourself C Part 3\Teach Yourself C Part 3.vcxproj", "{6F9D7F47-6B7A-4C51-A924-1DB6FE03C4D3}"
EndProject
Project("{8BC9CEB8-8B4A-11D0-8D11-00A0C91BC942}") = "Chapter6 Beginning test1 Book version", "Chapter6 Beginning test1 Book version\Chapter6 Beginning test1 Book version.vcxproj", "{E8281B1A-93C9-462C-935E-58CFE25AD15A}"
EndProject
Project("{8BC9CEB8-8B4A-11D0-8D11-00A0C91BC942}") = "Chapter6 Beginning test2", "Chapter6 Beginning test2\Chapter6 Beginning test2.vcxproj", "{0396BCD7-45E0-4286-AC71-A88874BCAFEF}"
EndProject
Project("{8BC9CEB8-8B4A-11D0-8D11-00A0C91BC942}") = "Chapter6 Beginning test2 Book version", "Chapter6 Beginning test2 Book version\Chapter6 Beginning test2 Book version.vcxproj", "{A30C8721-21C0-433E-B422-2972F330290F}"
EndProject
Global
	GlobalSection(SolutionConfigurationPlatforms) = preSolution
		Debug|x64 = Debug|x64
		Debug|x86 = Debug|x86
		Release|x64 = Release|x64
		Release|x86 = Release|x86
	EndGlobalSection
	GlobalSection(ProjectConfigurationPlatforms) = postSolution
		{6F9D7F47-6B7A-4C51-A924-1DB6FE03C4D3}.Debug|x64.ActiveCfg = Debug|x64
		{6F9D7F47-6B7A-4C51-A924-1DB6FE03C4D3}.Debug|x64.Build.0 = Debug|x64
		{6F9D7F47-6B7A-4C51-A924-1DB6FE03C4D3}.Debug|x86.ActiveCfg = Debug|Win32
		{6F9D7F47-6B7A-4C51-A924-1DB6FE03C4D3}.Debug|x86.Build.0 = Debug|Win32
		{6F9D7F47-6B7A-4C51-A924-1DB6FE03C4D3}.Release|x64.ActiveCfg = Release|x64
		{6F9D7F47-6B7A-4C51-A924-1DB6FE03C4D3}.Release|x64.Build.0 = Release|x64
		{6F9D7F47-6B7A-4C51-A924-1DB6FE03C4D3}.Release|x86.ActiveCfg = Release|Win32
		{6F9D7F47-6B7A-4C51-A924-1DB6FE03C4D3}.Release|x86.Build.0 = Release|Win32
		{E8281B1A-93C9-462C-935E-58CFE25AD15A}.Debug|x64.ActiveCfg = Debug|x64
		{E8281B1A-93C9-462C-935E-58CFE25AD15A}.Debug|x64.Build.0 = Debug|x64
		{E8281B1A-93C9-462C-935E-58CFE25AD15A}.Debug|x86.ActiveCfg = Debug|Win32
		{E8281B1A-93C9-462C-935E-58CFE25AD15A}.Debug|x86.Build.0 = Debug|Win32
		{E8281B1A-93C9-462C-935E-58CFE25AD15A}.Release|x64.ActiveCfg = Release|x64
		{E8281B1A-93C9-462C-935E-58CFE25AD15A}.Release|x64.Build.0 = Release|x64
		{E8281B1A-93C9-462C-935E-58CFE25AD15A}.Release|x86.ActiveCfg = Release|Win32
		{E8281B1A-93C9-462C-935E-58CFE25AD15A}.Release|x86.Build.0 = Release|Win32
		{0396BCD7-45E0-4286-AC71-A88874BCAFEF}.Debug|x64.ActiveCfg = Debug|x64
		{0396BCD7-45E0-4286-AC71-A88874BCAFEF}.Debug|x64.Build.0 = Debug|x64
		{0396BCD7-45E0-4286-AC71-A88874BCAFEF}.Debug|x86.ActiveCfg = Debug|Win32
		{0396BCD7-45E0-4286-AC71-A88874BCAFEF}.Debug|x86.Build.0 = Debug|Win32
		{0396BCD7-45E0-4286-AC71-A88874BCAFEF}.Release|x64.ActiveCfg = Release|x64
		{0396BCD7-45E0-4286-AC71-A88874BCAFEF}.Release|x64.Build.0 = Release|x64
		{0396BCD7-45E0-4286-AC71-A88874BCAFEF}.Release|x86.ActiveCfg = Release|Win32
		{0396BCD7-45E0-4286-AC71-A88874BCAFEF}.Release|x86.Build.0 = Release|Win32
		{A30C8721-21C0-433E-B422-2972F330290F}.Debug|x64.ActiveCfg = Debug|x64
		{A30C8721-21C0-433E-B422-2972F330290F}.Debug|x64.Build.0 = Debug|x64
		{A30C8721-21C0-433E-B422-2972F330290F}.Debug|x86.ActiveCfg = Debug|Win32
		{A30C8721-21C0-433E-B422-2972F330290F}.Debug|x86.Build.0 = Debug|Win32
		{A30C8721-21C0-433E-B422-2972F330290F}.Release|x64.ActiveCfg = Release|x64
		{A30C8721-21C0-433E-B422-2972F330290F}.Release|x64.Build.0 = Release|x64
		{A30C8721-21C0-433E-B422-2972F330290F}.Release|x86.ActiveCfg = Release|Win32
		{A30C8721-21C0-433E-B422-2972F330290F}.Release|x86.Build.0 = Release|Win32
	EndGlobalSection
	GlobalSection(SolutionProperties) = preSolution
		HideSolutionNode = FALSE
	EndGlobalSection
	GlobalSection(ExtensibilityGlobals) = postSolution
		SolutionGuid = {7F323FB6-1B5E-45D3-8E80-89661823AFB3}
	EndGlobalSection
EndGlobal
