
Microsoft Visual Studio Solution File, Format Version 12.00
# Visual Studio 15
VisualStudioVersion = 15.0.27130.2026
MinimumVisualStudioVersion = 10.0.40219.1
Project("{8BC9CEB8-8B4A-11D0-8D11-00A0C91BC942}") = "Chapter6 Beginning test1", "Teach Yourself C Part 3\Teach Yourself C Part 3.vcxproj", "{6F9D7F47-6B7A-4C51-A924-1DB6FE03C4D3}"
EndProject
Project("{8BC9CEB8-8B4A-11D0-8D11-00A0C91BC942}") = "Chapter6 Beginning test1 Book version", "Chapter6 Beginning test1 Book version\Chapter6 Beginning test1 Book version.vcxproj", "{E8281B1A-93C9-462C-935E-58CFE25AD15A}"
EndProject
Project("{8BC9CEB8-8B4A-11D0-8D11-00A0C91BC942}") = "Chapter6 Beginning test2", "Chapter6 Beginning test2\Chapter6 Beginning test2.vcxproj", "{0396BCD7-45E0-4286-AC71-A88874BCAFEF}"
EndProject
Project("{8BC9CEB8-8B4A-11D0-8D11-00A0C91BC942}") = "Chapter6 Beginning test2 Book version", "Chapter6 Beginning test2 Book version\Chapter6 Beginning test2 Book version.vcxproj", "{A30C8721-21C0-433E-B422-2972F330290F}"
EndProject
Project("{8BC9CEB8-8B4A-11D0-8D11-00A0C91BC942}") = "Chapter6 Beginning test6", "Chapter6 Beginning test6\Chapter6 Beginning test6.vcxproj", "{58704D95-8CD4-4FE1-84FE-FCEE94B3294C}"
EndProject
Project("{8BC9CEB8-8B4A-11D0-8D11-00A0C91BC942}") = "Chapter6 Beginning test6 Book Version", "Chapter6 Beginning test6 Book Version\Chapter6 Beginning test6 Book Version.vcxproj", "{9BC354A7-0BE0-43B7-86B9-922D1476E1F7}"
EndProject
Project("{8BC9CEB8-8B4A-11D0-8D11-00A0C91BC942}") = "Chapter6 Example1", "Chapter6 Example1\Chapter6 Example1.vcxproj", "{D3A78B1D-437A-422A-B94E-172142937DA7}"
EndProject
Project("{8BC9CEB8-8B4A-11D0-8D11-00A0C91BC942}") = "Chapter6 Example1.1", "Chapter6 Example1.1\Chapter6 Example1.1.vcxproj", "{92C615EE-E44A-4D90-BFFE-2D236093FCCB}"
EndProject
Project("{8BC9CEB8-8B4A-11D0-8D11-00A0C91BC942}") = "Chapter6 Example2", "Chapter6 Example2\Chapter6 Example2.vcxproj", "{E2E39B71-11A4-40A9-92C6-EE9098C86EFE}"
EndProject
Project("{8BC9CEB8-8B4A-11D0-8D11-00A0C91BC942}") = "Chapter6 Exercise4", "Chapter6 Exercise4\Chapter6 Exercise4.vcxproj", "{9FAD8F8D-8673-4E01-BAB2-3AA4C902C7B4}"
EndProject
Project("{8BC9CEB8-8B4A-11D0-8D11-00A0C91BC942}") = "Chapter6.2 Example1", "Chapter6.2 Example1\Chapter6.2 Example1.vcxproj", "{BA026FE1-A6EE-4AAD-B219-BC417AE43438}"
EndProject
Project("{8BC9CEB8-8B4A-11D0-8D11-00A0C91BC942}") = "Chapter6.2 Example2", "Chapter6.2 Example2\Chapter6.2 Example2.vcxproj", "{3B6AA0E5-B925-47C1-9679-9BF747783630}"
EndProject
Project("{8BC9CEB8-8B4A-11D0-8D11-00A0C91BC942}") = "Chapter6.2 Example2.2", "Chapter6.2 Example2.2\Chapter6.2 Example2.2.vcxproj", "{CAD3DC59-AC10-46D8-B7D1-20E51C9376AB}"
EndProject
Project("{8BC9CEB8-8B4A-11D0-8D11-00A0C91BC942}") = "Chapter6.3 Example1", "Chapter6.3 Example1\Chapter6.3 Example1.vcxproj", "{2CE733E2-49BC-4562-AA07-202215F94A7F}"
EndProject
Project("{8BC9CEB8-8B4A-11D0-8D11-00A0C91BC942}") = "Chapter6.3 Example2", "Chapter6.3 Example2\Chapter6.3 Example2.vcxproj", "{29F062EF-A324-4800-854D-D87C1D43081E}"
EndProject
Project("{8BC9CEB8-8B4A-11D0-8D11-00A0C91BC942}") = "Chapter6.3 Example3", "Chapter6.3 Example3\Chapter6.3 Example3.vcxproj", "{F46C2209-DFBB-4D8F-ACA9-8EC05B01A20F}"
EndProject
Project("{8BC9CEB8-8B4A-11D0-8D11-00A0C91BC942}") = "Chapter6.3 Example3.1", "Chapter6.3 Example3.1\Chapter6.3 Example3.1.vcxproj", "{28609BCA-59AF-4ABA-8125-37FF38E24AFD}"
EndProject
Project("{8BC9CEB8-8B4A-11D0-8D11-00A0C91BC942}") = "Chapter6.3 Example3.1.2", "Chapter6.3 Example3.1.2\Chapter6.3 Example3.1.2.vcxproj", "{32A547A9-8724-434F-BB7B-DA3DCFE65885}"
EndProject
Project("{8BC9CEB8-8B4A-11D0-8D11-00A0C91BC942}") = "Chapter6.3 Example3.2", "Chapter6.3 Example3.2\Chapter6.3 Example3.2.vcxproj", "{63371DED-9527-4EB2-952F-85679957AE76}"
EndProject
Project("{8BC9CEB8-8B4A-11D0-8D11-00A0C91BC942}") = "Chapter6.3 Exercise3", "Chapter6.3 Exercise3\Chapter6.3 Exercise3.vcxproj", "{8BB1A01D-4B43-4C42-B86D-43604A1C38A3}"
EndProject
Project("{8BC9CEB8-8B4A-11D0-8D11-00A0C91BC942}") = "Chapter6.3 Exercise3 Book version", "Chapter6.3 Exercise3 Book version\Chapter6.3 Exercise3 Book version.vcxproj", "{1C6098B0-4C27-4623-B30E-9A6D34A0958E}"
EndProject
Project("{8BC9CEB8-8B4A-11D0-8D11-00A0C91BC942}") = "Chapter6.4 Example", "Chapter6.4 Example\Chapter6.4 Example.vcxproj", "{8916CA3A-A07A-413B-8918-83FCBEE25961}"
EndProject
Project("{8BC9CEB8-8B4A-11D0-8D11-00A0C91BC942}") = "Chapter6.4 Example0", "Chapter6.4 Example0\Chapter6.4 Example0.vcxproj", "{DAA2CAC8-3CC9-40A7-96A4-29D6582C653F}"
EndProject
Project("{8BC9CEB8-8B4A-11D0-8D11-00A0C91BC942}") = "Chapter6.4 Example1", "Chapter6.4 Example1\Chapter6.4 Example1.vcxproj", "{1D583D60-70A8-48B8-869A-0A32195B1A77}"
EndProject
Project("{8BC9CEB8-8B4A-11D0-8D11-00A0C91BC942}") = "Chapter6.4 Example2", "Chapter6.4 Example2\Chapter6.4 Example2.vcxproj", "{1C843F8A-3B89-48B9-952E-446275C2F7AD}"
EndProject
Project("{8BC9CEB8-8B4A-11D0-8D11-00A0C91BC942}") = "Chapter6.5 Example2", "Chapter6.5 Example2\Chapter6.5 Example2.vcxproj", "{3769EBA5-7D75-4F54-B4F9-8945FE4CC72F}"
EndProject
Project("{8BC9CEB8-8B4A-11D0-8D11-00A0C91BC942}") = "Chapter6.5 Exercise1", "Chapter6.5 Exercise1\Chapter6.5 Exercise1.vcxproj", "{6DD5B23E-83EF-4348-80F1-C6CC85FE3ACE}"
EndProject
Global
	GlobalSection(SolutionConfigurationPlatforms) = preSolution
		Debug|x64 = Debug|x64
		Debug|x86 = Debug|x86
		Release|x64 = Release|x64
		Release|x86 = Release|x86
	EndGlobalSection
	GlobalSection(ProjectConfigurationPlatforms) = postSolution
		{6F9D7F47-6B7A-4C51-A924-1DB6FE03C4D3}.Debug|x64.ActiveCfg = Debug|x64
		{6F9D7F47-6B7A-4C51-A924-1DB6FE03C4D3}.Debug|x64.Build.0 = Debug|x64
		{6F9D7F47-6B7A-4C51-A924-1DB6FE03C4D3}.Debug|x86.ActiveCfg = Debug|Win32
		{6F9D7F47-6B7A-4C51-A924-1DB6FE03C4D3}.Debug|x86.Build.0 = Debug|Win32
		{6F9D7F47-6B7A-4C51-A924-1DB6FE03C4D3}.Release|x64.ActiveCfg = Release|x64
		{6F9D7F47-6B7A-4C51-A924-1DB6FE03C4D3}.Release|x64.Build.0 = Release|x64
		{6F9D7F47-6B7A-4C51-A924-1DB6FE03C4D3}.Release|x86.ActiveCfg = Release|Win32
		{6F9D7F47-6B7A-4C51-A924-1DB6FE03C4D3}.Release|x86.Build.0 = Release|Win32
		{E8281B1A-93C9-462C-935E-58CFE25AD15A}.Debug|x64.ActiveCfg = Debug|x64
		{E8281B1A-93C9-462C-935E-58CFE25AD15A}.Debug|x64.Build.0 = Debug|x64
		{E8281B1A-93C9-462C-935E-58CFE25AD15A}.Debug|x86.ActiveCfg = Debug|Win32
		{E8281B1A-93C9-462C-935E-58CFE25AD15A}.Debug|x86.Build.0 = Debug|Win32
		{E8281B1A-93C9-462C-935E-58CFE25AD15A}.Release|x64.ActiveCfg = Release|x64
		{E8281B1A-93C9-462C-935E-58CFE25AD15A}.Release|x64.Build.0 = Release|x64
		{E8281B1A-93C9-462C-935E-58CFE25AD15A}.Release|x86.ActiveCfg = Release|Win32
		{E8281B1A-93C9-462C-935E-58CFE25AD15A}.Release|x86.Build.0 = Release|Win32
		{0396BCD7-45E0-4286-AC71-A88874BCAFEF}.Debug|x64.ActiveCfg = Debug|x64
		{0396BCD7-45E0-4286-AC71-A88874BCAFEF}.Debug|x64.Build.0 = Debug|x64
		{0396BCD7-45E0-4286-AC71-A88874BCAFEF}.Debug|x86.ActiveCfg = Debug|Win32
		{0396BCD7-45E0-4286-AC71-A88874BCAFEF}.Debug|x86.Build.0 = Debug|Win32
		{0396BCD7-45E0-4286-AC71-A88874BCAFEF}.Release|x64.ActiveCfg = Release|x64
		{0396BCD7-45E0-4286-AC71-A88874BCAFEF}.Release|x64.Build.0 = Release|x64
		{0396BCD7-45E0-4286-AC71-A88874BCAFEF}.Release|x86.ActiveCfg = Release|Win32
		{0396BCD7-45E0-4286-AC71-A88874BCAFEF}.Release|x86.Build.0 = Release|Win32
		{A30C8721-21C0-433E-B422-2972F330290F}.Debug|x64.ActiveCfg = Debug|x64
		{A30C8721-21C0-433E-B422-2972F330290F}.Debug|x64.Build.0 = Debug|x64
		{A30C8721-21C0-433E-B422-2972F330290F}.Debug|x86.ActiveCfg = Debug|Win32
		{A30C8721-21C0-433E-B422-2972F330290F}.Debug|x86.Build.0 = Debug|Win32
		{A30C8721-21C0-433E-B422-2972F330290F}.Release|x64.ActiveCfg = Release|x64
		{A30C8721-21C0-433E-B422-2972F330290F}.Release|x64.Build.0 = Release|x64
		{A30C8721-21C0-433E-B422-2972F330290F}.Release|x86.ActiveCfg = Release|Win32
		{A30C8721-21C0-433E-B422-2972F330290F}.Release|x86.Build.0 = Release|Win32
		{58704D95-8CD4-4FE1-84FE-FCEE94B3294C}.Debug|x64.ActiveCfg = Debug|x64
		{58704D95-8CD4-4FE1-84FE-FCEE94B3294C}.Debug|x64.Build.0 = Debug|x64
		{58704D95-8CD4-4FE1-84FE-FCEE94B3294C}.Debug|x86.ActiveCfg = Debug|Win32
		{58704D95-8CD4-4FE1-84FE-FCEE94B3294C}.Debug|x86.Build.0 = Debug|Win32
		{58704D95-8CD4-4FE1-84FE-FCEE94B3294C}.Release|x64.ActiveCfg = Release|x64
		{58704D95-8CD4-4FE1-84FE-FCEE94B3294C}.Release|x64.Build.0 = Release|x64
		{58704D95-8CD4-4FE1-84FE-FCEE94B3294C}.Release|x86.ActiveCfg = Release|Win32
		{58704D95-8CD4-4FE1-84FE-FCEE94B3294C}.Release|x86.Build.0 = Release|Win32
		{9BC354A7-0BE0-43B7-86B9-922D1476E1F7}.Debug|x64.ActiveCfg = Debug|x64
		{9BC354A7-0BE0-43B7-86B9-922D1476E1F7}.Debug|x64.Build.0 = Debug|x64
		{9BC354A7-0BE0-43B7-86B9-922D1476E1F7}.Debug|x86.ActiveCfg = Debug|Win32
		{9BC354A7-0BE0-43B7-86B9-922D1476E1F7}.Debug|x86.Build.0 = Debug|Win32
		{9BC354A7-0BE0-43B7-86B9-922D1476E1F7}.Release|x64.ActiveCfg = Release|x64
		{9BC354A7-0BE0-43B7-86B9-922D1476E1F7}.Release|x64.Build.0 = Release|x64
		{9BC354A7-0BE0-43B7-86B9-922D1476E1F7}.Release|x86.ActiveCfg = Release|Win32
		{9BC354A7-0BE0-43B7-86B9-922D1476E1F7}.Release|x86.Build.0 = Release|Win32
		{D3A78B1D-437A-422A-B94E-172142937DA7}.Debug|x64.ActiveCfg = Debug|x64
		{D3A78B1D-437A-422A-B94E-172142937DA7}.Debug|x64.Build.0 = Debug|x64
		{D3A78B1D-437A-422A-B94E-172142937DA7}.Debug|x86.ActiveCfg = Debug|Win32
		{D3A78B1D-437A-422A-B94E-172142937DA7}.Debug|x86.Build.0 = Debug|Win32
		{D3A78B1D-437A-422A-B94E-172142937DA7}.Release|x64.ActiveCfg = Release|x64
		{D3A78B1D-437A-422A-B94E-172142937DA7}.Release|x64.Build.0 = Release|x64
		{D3A78B1D-437A-422A-B94E-172142937DA7}.Release|x86.ActiveCfg = Release|Win32
		{D3A78B1D-437A-422A-B94E-172142937DA7}.Release|x86.Build.0 = Release|Win32
		{92C615EE-E44A-4D90-BFFE-2D236093FCCB}.Debug|x64.ActiveCfg = Debug|x64
		{92C615EE-E44A-4D90-BFFE-2D236093FCCB}.Debug|x64.Build.0 = Debug|x64
		{92C615EE-E44A-4D90-BFFE-2D236093FCCB}.Debug|x86.ActiveCfg = Debug|Win32
		{92C615EE-E44A-4D90-BFFE-2D236093FCCB}.Debug|x86.Build.0 = Debug|Win32
		{92C615EE-E44A-4D90-BFFE-2D236093FCCB}.Release|x64.ActiveCfg = Release|x64
		{92C615EE-E44A-4D90-BFFE-2D236093FCCB}.Release|x64.Build.0 = Release|x64
		{92C615EE-E44A-4D90-BFFE-2D236093FCCB}.Release|x86.ActiveCfg = Release|Win32
		{92C615EE-E44A-4D90-BFFE-2D236093FCCB}.Release|x86.Build.0 = Release|Win32
		{E2E39B71-11A4-40A9-92C6-EE9098C86EFE}.Debug|x64.ActiveCfg = Debug|x64
		{E2E39B71-11A4-40A9-92C6-EE9098C86EFE}.Debug|x64.Build.0 = Debug|x64
		{E2E39B71-11A4-40A9-92C6-EE9098C86EFE}.Debug|x86.ActiveCfg = Debug|Win32
		{E2E39B71-11A4-40A9-92C6-EE9098C86EFE}.Debug|x86.Build.0 = Debug|Win32
		{E2E39B71-11A4-40A9-92C6-EE9098C86EFE}.Release|x64.ActiveCfg = Release|x64
		{E2E39B71-11A4-40A9-92C6-EE9098C86EFE}.Release|x64.Build.0 = Release|x64
		{E2E39B71-11A4-40A9-92C6-EE9098C86EFE}.Release|x86.ActiveCfg = Release|Win32
		{E2E39B71-11A4-40A9-92C6-EE9098C86EFE}.Release|x86.Build.0 = Release|Win32
		{9FAD8F8D-8673-4E01-BAB2-3AA4C902C7B4}.Debug|x64.ActiveCfg = Debug|x64
		{9FAD8F8D-8673-4E01-BAB2-3AA4C902C7B4}.Debug|x64.Build.0 = Debug|x64
		{9FAD8F8D-8673-4E01-BAB2-3AA4C902C7B4}.Debug|x86.ActiveCfg = Debug|Win32
		{9FAD8F8D-8673-4E01-BAB2-3AA4C902C7B4}.Debug|x86.Build.0 = Debug|Win32
		{9FAD8F8D-8673-4E01-BAB2-3AA4C902C7B4}.Release|x64.ActiveCfg = Release|x64
		{9FAD8F8D-8673-4E01-BAB2-3AA4C902C7B4}.Release|x64.Build.0 = Release|x64
		{9FAD8F8D-8673-4E01-BAB2-3AA4C902C7B4}.Release|x86.ActiveCfg = Release|Win32
		{9FAD8F8D-8673-4E01-BAB2-3AA4C902C7B4}.Release|x86.Build.0 = Release|Win32
		{BA026FE1-A6EE-4AAD-B219-BC417AE43438}.Debug|x64.ActiveCfg = Debug|x64
		{BA026FE1-A6EE-4AAD-B219-BC417AE43438}.Debug|x64.Build.0 = Debug|x64
		{BA026FE1-A6EE-4AAD-B219-BC417AE43438}.Debug|x86.ActiveCfg = Debug|Win32
		{BA026FE1-A6EE-4AAD-B219-BC417AE43438}.Debug|x86.Build.0 = Debug|Win32
		{BA026FE1-A6EE-4AAD-B219-BC417AE43438}.Release|x64.ActiveCfg = Release|x64
		{BA026FE1-A6EE-4AAD-B219-BC417AE43438}.Release|x64.Build.0 = Release|x64
		{BA026FE1-A6EE-4AAD-B219-BC417AE43438}.Release|x86.ActiveCfg = Release|Win32
		{BA026FE1-A6EE-4AAD-B219-BC417AE43438}.Release|x86.Build.0 = Release|Win32
		{3B6AA0E5-B925-47C1-9679-9BF747783630}.Debug|x64.ActiveCfg = Debug|x64
		{3B6AA0E5-B925-47C1-9679-9BF747783630}.Debug|x64.Build.0 = Debug|x64
		{3B6AA0E5-B925-47C1-9679-9BF747783630}.Debug|x86.ActiveCfg = Debug|Win32
		{3B6AA0E5-B925-47C1-9679-9BF747783630}.Debug|x86.Build.0 = Debug|Win32
		{3B6AA0E5-B925-47C1-9679-9BF747783630}.Release|x64.ActiveCfg = Release|x64
		{3B6AA0E5-B925-47C1-9679-9BF747783630}.Release|x64.Build.0 = Release|x64
		{3B6AA0E5-B925-47C1-9679-9BF747783630}.Release|x86.ActiveCfg = Release|Win32
		{3B6AA0E5-B925-47C1-9679-9BF747783630}.Release|x86.Build.0 = Release|Win32
		{CAD3DC59-AC10-46D8-B7D1-20E51C9376AB}.Debug|x64.ActiveCfg = Debug|x64
		{CAD3DC59-AC10-46D8-B7D1-20E51C9376AB}.Debug|x64.Build.0 = Debug|x64
		{CAD3DC59-AC10-46D8-B7D1-20E51C9376AB}.Debug|x86.ActiveCfg = Debug|Win32
		{CAD3DC59-AC10-46D8-B7D1-20E51C9376AB}.Debug|x86.Build.0 = Debug|Win32
		{CAD3DC59-AC10-46D8-B7D1-20E51C9376AB}.Release|x64.ActiveCfg = Release|x64
		{CAD3DC59-AC10-46D8-B7D1-20E51C9376AB}.Release|x64.Build.0 = Release|x64
		{CAD3DC59-AC10-46D8-B7D1-20E51C9376AB}.Release|x86.ActiveCfg = Release|Win32
		{CAD3DC59-AC10-46D8-B7D1-20E51C9376AB}.Release|x86.Build.0 = Release|Win32
		{2CE733E2-49BC-4562-AA07-202215F94A7F}.Debug|x64.ActiveCfg = Debug|x64
		{2CE733E2-49BC-4562-AA07-202215F94A7F}.Debug|x64.Build.0 = Debug|x64
		{2CE733E2-49BC-4562-AA07-202215F94A7F}.Debug|x86.ActiveCfg = Debug|Win32
		{2CE733E2-49BC-4562-AA07-202215F94A7F}.Debug|x86.Build.0 = Debug|Win32
		{2CE733E2-49BC-4562-AA07-202215F94A7F}.Release|x64.ActiveCfg = Release|x64
		{2CE733E2-49BC-4562-AA07-202215F94A7F}.Release|x64.Build.0 = Release|x64
		{2CE733E2-49BC-4562-AA07-202215F94A7F}.Release|x86.ActiveCfg = Release|Win32
		{2CE733E2-49BC-4562-AA07-202215F94A7F}.Release|x86.Build.0 = Release|Win32
		{29F062EF-A324-4800-854D-D87C1D43081E}.Debug|x64.ActiveCfg = Debug|x64
		{29F062EF-A324-4800-854D-D87C1D43081E}.Debug|x64.Build.0 = Debug|x64
		{29F062EF-A324-4800-854D-D87C1D43081E}.Debug|x86.ActiveCfg = Debug|Win32
		{29F062EF-A324-4800-854D-D87C1D43081E}.Debug|x86.Build.0 = Debug|Win32
		{29F062EF-A324-4800-854D-D87C1D43081E}.Release|x64.ActiveCfg = Release|x64
		{29F062EF-A324-4800-854D-D87C1D43081E}.Release|x64.Build.0 = Release|x64
		{29F062EF-A324-4800-854D-D87C1D43081E}.Release|x86.ActiveCfg = Release|Win32
		{29F062EF-A324-4800-854D-D87C1D43081E}.Release|x86.Build.0 = Release|Win32
		{F46C2209-DFBB-4D8F-ACA9-8EC05B01A20F}.Debug|x64.ActiveCfg = Debug|x64
		{F46C2209-DFBB-4D8F-ACA9-8EC05B01A20F}.Debug|x64.Build.0 = Debug|x64
		{F46C2209-DFBB-4D8F-ACA9-8EC05B01A20F}.Debug|x86.ActiveCfg = Debug|Win32
		{F46C2209-DFBB-4D8F-ACA9-8EC05B01A20F}.Debug|x86.Build.0 = Debug|Win32
		{F46C2209-DFBB-4D8F-ACA9-8EC05B01A20F}.Release|x64.ActiveCfg = Release|x64
		{F46C2209-DFBB-4D8F-ACA9-8EC05B01A20F}.Release|x64.Build.0 = Release|x64
		{F46C2209-DFBB-4D8F-ACA9-8EC05B01A20F}.Release|x86.ActiveCfg = Release|Win32
		{F46C2209-DFBB-4D8F-ACA9-8EC05B01A20F}.Release|x86.Build.0 = Release|Win32
		{28609BCA-59AF-4ABA-8125-37FF38E24AFD}.Debug|x64.ActiveCfg = Debug|x64
		{28609BCA-59AF-4ABA-8125-37FF38E24AFD}.Debug|x64.Build.0 = Debug|x64
		{28609BCA-59AF-4ABA-8125-37FF38E24AFD}.Debug|x86.ActiveCfg = Debug|Win32
		{28609BCA-59AF-4ABA-8125-37FF38E24AFD}.Debug|x86.Build.0 = Debug|Win32
		{28609BCA-59AF-4ABA-8125-37FF38E24AFD}.Release|x64.ActiveCfg = Release|x64
		{28609BCA-59AF-4ABA-8125-37FF38E24AFD}.Release|x64.Build.0 = Release|x64
		{28609BCA-59AF-4ABA-8125-37FF38E24AFD}.Release|x86.ActiveCfg = Release|Win32
		{28609BCA-59AF-4ABA-8125-37FF38E24AFD}.Release|x86.Build.0 = Release|Win32
		{32A547A9-8724-434F-BB7B-DA3DCFE65885}.Debug|x64.ActiveCfg = Debug|x64
		{32A547A9-8724-434F-BB7B-DA3DCFE65885}.Debug|x64.Build.0 = Debug|x64
		{32A547A9-8724-434F-BB7B-DA3DCFE65885}.Debug|x86.ActiveCfg = Debug|Win32
		{32A547A9-8724-434F-BB7B-DA3DCFE65885}.Debug|x86.Build.0 = Debug|Win32
		{32A547A9-8724-434F-BB7B-DA3DCFE65885}.Release|x64.ActiveCfg = Release|x64
		{32A547A9-8724-434F-BB7B-DA3DCFE65885}.Release|x64.Build.0 = Release|x64
		{32A547A9-8724-434F-BB7B-DA3DCFE65885}.Release|x86.ActiveCfg = Release|Win32
		{32A547A9-8724-434F-BB7B-DA3DCFE65885}.Release|x86.Build.0 = Release|Win32
		{63371DED-9527-4EB2-952F-85679957AE76}.Debug|x64.ActiveCfg = Debug|x64
		{63371DED-9527-4EB2-952F-85679957AE76}.Debug|x64.Build.0 = Debug|x64
		{63371DED-9527-4EB2-952F-85679957AE76}.Debug|x86.ActiveCfg = Debug|Win32
		{63371DED-9527-4EB2-952F-85679957AE76}.Debug|x86.Build.0 = Debug|Win32
		{63371DED-9527-4EB2-952F-85679957AE76}.Release|x64.ActiveCfg = Release|x64
		{63371DED-9527-4EB2-952F-85679957AE76}.Release|x64.Build.0 = Release|x64
		{63371DED-9527-4EB2-952F-85679957AE76}.Release|x86.ActiveCfg = Release|Win32
		{63371DED-9527-4EB2-952F-85679957AE76}.Release|x86.Build.0 = Release|Win32
		{8BB1A01D-4B43-4C42-B86D-43604A1C38A3}.Debug|x64.ActiveCfg = Debug|x64
		{8BB1A01D-4B43-4C42-B86D-43604A1C38A3}.Debug|x64.Build.0 = Debug|x64
		{8BB1A01D-4B43-4C42-B86D-43604A1C38A3}.Debug|x86.ActiveCfg = Debug|Win32
		{8BB1A01D-4B43-4C42-B86D-43604A1C38A3}.Debug|x86.Build.0 = Debug|Win32
		{8BB1A01D-4B43-4C42-B86D-43604A1C38A3}.Release|x64.ActiveCfg = Release|x64
		{8BB1A01D-4B43-4C42-B86D-43604A1C38A3}.Release|x64.Build.0 = Release|x64
		{8BB1A01D-4B43-4C42-B86D-43604A1C38A3}.Release|x86.ActiveCfg = Release|Win32
		{8BB1A01D-4B43-4C42-B86D-43604A1C38A3}.Release|x86.Build.0 = Release|Win32
		{1C6098B0-4C27-4623-B30E-9A6D34A0958E}.Debug|x64.ActiveCfg = Debug|x64
		{1C6098B0-4C27-4623-B30E-9A6D34A0958E}.Debug|x64.Build.0 = Debug|x64
		{1C6098B0-4C27-4623-B30E-9A6D34A0958E}.Debug|x86.ActiveCfg = Debug|Win32
		{1C6098B0-4C27-4623-B30E-9A6D34A0958E}.Debug|x86.Build.0 = Debug|Win32
		{1C6098B0-4C27-4623-B30E-9A6D34A0958E}.Release|x64.ActiveCfg = Release|x64
		{1C6098B0-4C27-4623-B30E-9A6D34A0958E}.Release|x64.Build.0 = Release|x64
		{1C6098B0-4C27-4623-B30E-9A6D34A0958E}.Release|x86.ActiveCfg = Release|Win32
		{1C6098B0-4C27-4623-B30E-9A6D34A0958E}.Release|x86.Build.0 = Release|Win32
		{8916CA3A-A07A-413B-8918-83FCBEE25961}.Debug|x64.ActiveCfg = Debug|x64
		{8916CA3A-A07A-413B-8918-83FCBEE25961}.Debug|x64.Build.0 = Debug|x64
		{8916CA3A-A07A-413B-8918-83FCBEE25961}.Debug|x86.ActiveCfg = Debug|Win32
		{8916CA3A-A07A-413B-8918-83FCBEE25961}.Debug|x86.Build.0 = Debug|Win32
		{8916CA3A-A07A-413B-8918-83FCBEE25961}.Release|x64.ActiveCfg = Release|x64
		{8916CA3A-A07A-413B-8918-83FCBEE25961}.Release|x64.Build.0 = Release|x64
		{8916CA3A-A07A-413B-8918-83FCBEE25961}.Release|x86.ActiveCfg = Release|Win32
		{8916CA3A-A07A-413B-8918-83FCBEE25961}.Release|x86.Build.0 = Release|Win32
		{DAA2CAC8-3CC9-40A7-96A4-29D6582C653F}.Debug|x64.ActiveCfg = Debug|x64
		{DAA2CAC8-3CC9-40A7-96A4-29D6582C653F}.Debug|x64.Build.0 = Debug|x64
		{DAA2CAC8-3CC9-40A7-96A4-29D6582C653F}.Debug|x86.ActiveCfg = Debug|Win32
		{DAA2CAC8-3CC9-40A7-96A4-29D6582C653F}.Debug|x86.Build.0 = Debug|Win32
		{DAA2CAC8-3CC9-40A7-96A4-29D6582C653F}.Release|x64.ActiveCfg = Release|x64
		{DAA2CAC8-3CC9-40A7-96A4-29D6582C653F}.Release|x64.Build.0 = Release|x64
		{DAA2CAC8-3CC9-40A7-96A4-29D6582C653F}.Release|x86.ActiveCfg = Release|Win32
		{DAA2CAC8-3CC9-40A7-96A4-29D6582C653F}.Release|x86.Build.0 = Release|Win32
		{1D583D60-70A8-48B8-869A-0A32195B1A77}.Debug|x64.ActiveCfg = Debug|x64
		{1D583D60-70A8-48B8-869A-0A32195B1A77}.Debug|x64.Build.0 = Debug|x64
		{1D583D60-70A8-48B8-869A-0A32195B1A77}.Debug|x86.ActiveCfg = Debug|Win32
		{1D583D60-70A8-48B8-869A-0A32195B1A77}.Debug|x86.Build.0 = Debug|Win32
		{1D583D60-70A8-48B8-869A-0A32195B1A77}.Release|x64.ActiveCfg = Release|x64
		{1D583D60-70A8-48B8-869A-0A32195B1A77}.Release|x64.Build.0 = Release|x64
		{1D583D60-70A8-48B8-869A-0A32195B1A77}.Release|x86.ActiveCfg = Release|Win32
		{1D583D60-70A8-48B8-869A-0A32195B1A77}.Release|x86.Build.0 = Release|Win32
		{1C843F8A-3B89-48B9-952E-446275C2F7AD}.Debug|x64.ActiveCfg = Debug|x64
		{1C843F8A-3B89-48B9-952E-446275C2F7AD}.Debug|x64.Build.0 = Debug|x64
		{1C843F8A-3B89-48B9-952E-446275C2F7AD}.Debug|x86.ActiveCfg = Debug|Win32
		{1C843F8A-3B89-48B9-952E-446275C2F7AD}.Debug|x86.Build.0 = Debug|Win32
		{1C843F8A-3B89-48B9-952E-446275C2F7AD}.Release|x64.ActiveCfg = Release|x64
		{1C843F8A-3B89-48B9-952E-446275C2F7AD}.Release|x64.Build.0 = Release|x64
		{1C843F8A-3B89-48B9-952E-446275C2F7AD}.Release|x86.ActiveCfg = Release|Win32
		{1C843F8A-3B89-48B9-952E-446275C2F7AD}.Release|x86.Build.0 = Release|Win32
		{3769EBA5-7D75-4F54-B4F9-8945FE4CC72F}.Debug|x64.ActiveCfg = Debug|x64
		{3769EBA5-7D75-4F54-B4F9-8945FE4CC72F}.Debug|x64.Build.0 = Debug|x64
		{3769EBA5-7D75-4F54-B4F9-8945FE4CC72F}.Debug|x86.ActiveCfg = Debug|Win32
		{3769EBA5-7D75-4F54-B4F9-8945FE4CC72F}.Debug|x86.Build.0 = Debug|Win32
		{3769EBA5-7D75-4F54-B4F9-8945FE4CC72F}.Release|x64.ActiveCfg = Release|x64
		{3769EBA5-7D75-4F54-B4F9-8945FE4CC72F}.Release|x64.Build.0 = Release|x64
		{3769EBA5-7D75-4F54-B4F9-8945FE4CC72F}.Release|x86.ActiveCfg = Release|Win32
		{3769EBA5-7D75-4F54-B4F9-8945FE4CC72F}.Release|x86.Build.0 = Release|Win32
		{6DD5B23E-83EF-4348-80F1-C6CC85FE3ACE}.Debug|x64.ActiveCfg = Debug|x64
		{6DD5B23E-83EF-4348-80F1-C6CC85FE3ACE}.Debug|x64.Build.0 = Debug|x64
		{6DD5B23E-83EF-4348-80F1-C6CC85FE3ACE}.Debug|x86.ActiveCfg = Debug|Win32
		{6DD5B23E-83EF-4348-80F1-C6CC85FE3ACE}.Debug|x86.Build.0 = Debug|Win32
		{6DD5B23E-83EF-4348-80F1-C6CC85FE3ACE}.Release|x64.ActiveCfg = Release|x64
		{6DD5B23E-83EF-4348-80F1-C6CC85FE3ACE}.Release|x64.Build.0 = Release|x64
		{6DD5B23E-83EF-4348-80F1-C6CC85FE3ACE}.Release|x86.ActiveCfg = Release|Win32
		{6DD5B23E-83EF-4348-80F1-C6CC85FE3ACE}.Release|x86.Build.0 = Release|Win32
	EndGlobalSection
	GlobalSection(SolutionProperties) = preSolution
		HideSolutionNode = FALSE
	EndGlobalSection
	GlobalSection(ExtensibilityGlobals) = postSolution
		SolutionGuid = {7F323FB6-1B5E-45D3-8E80-89661823AFB3}
	EndGlobalSection
EndGlobal
